{
  "name": "demo-llm-proxy",
  "version": "1.0.0",
  "lockfileVersion": 3,
  "requires": true,
  "packages": {
    "": {
      "name": "demo-llm-proxy",
      "version": "1.0.0",
      "license": "MIT",
      "dependencies": {
        "http-proxy": "^1.18.1",
        "posthog-node": "^5.21.2"
      }
    },
    "node_modules/@posthog/core": {
      "version": "1.51.0",
      "resolved": "https://registry.npmjs.org/@posthog/core/-/core-1.51.0.tgz",
      "integrity": "sha512-LilmmtjcrjV1LgaVNQXrAUt4IXcWIYMrwEtx6VJUUFDeBBdmeI99jshKGtAWugYeB3Wkcp9xQIVCrxIYRpNiRA==",
      "license": "MIT",
      "dependencies": {
        "@posthog/types": "^1.409.1"
      }
    },
    "node_modules/@posthog/types": {
      "version": "1.409.1",
      "resolved": "https://registry.npmjs.org/@posthog/types/-/types-1.409.1.tgz",
      "integrity": "sha512-lA2sSGQUdVknSQl93uN9eUXDwkCMjAuthq24GONGHzMWwVygsKNHlWCnlJsVv2giDokj2p1NopO4zsE2S7gYjA==",
      "license": "MIT"
    },
    "node_modules/eventemitter3": {
      "version": "4.0.7",
      "resolved": "https://registry.npmjs.org/eventemitter3/-/eventemitter3-4.0.7.tgz",
      "integrity": "sha512-8guHBZCwKnFhYdHr2ysuRWErTwhoN2X8XELRlrRwpmfeY2jjuUN4taQMsULKUVo1K4DvZl+0pgfyoysHxvmvEw==",
      "license": "MIT"
    },
    "node_modules/follow-redirects": {
      "version": "1.16.0",
      "resolved": "https://registry.npmjs.org/follow-redirects/-/follow-redirects-1.16.0.tgz",
      "integrity": "sha512-y5rN/uOsadFT/JfYwhxRS5R7Qce+g3zG97+JrtFZlC9klX/W5hD7iiLzScI4nZqUS7DNUdhPgw4xI8W2LuXlUw==",
      "funding": [
        {
          "type": "individual",
          "url": "https://github.com/sponsors/RubenVerborgh"
        }
      ],
      "license": "MIT",
      "engines": {
        "node": ">=4.0"
      },
      "peerDependenciesMeta": {
        "debug": {
          "optional": true
        }
      }
    },
    "node_modules/http-proxy": {
      "version": "1.18.1",
      "resolved": "https://registry.npmjs.org/http-proxy/-/http-proxy-1.18.1.tgz",
      "integrity": "sha512-7mz/721AbnJwIVbnaSv1Cz3Am0ZLT/UBwkC92VlxhXv/k/BBQfM2fXElQNC27BVGr0uwUpplYPQM9LnaBMR5NQ==",
      "license": "MIT",
      "dependencies": {
        "eventemitter3": "^4.0.0",
        "follow-redirects": "^1.0.0",
        "requires-port": "^1.0.0"
      },
      "engines": {
        "node": ">=8.0.0"
      }
    },
    "node_modules/posthog-node": {
      "version": "5.51.7",
      "resolved": "https://registry.npmjs.org/posthog-node/-/posthog-node-5.51.7.tgz",
      "integrity": "sha512-QzUQ0S7afLIivL1mQvZ1qv3/o179ds1Zze7Zf4JDhjVlJ1mFTyu42cwFQHrD0VQpPXhIVKOq7AvSrF8Bt8yonQ==",
      "license": "MIT",
      "dependencies": {
        "@posthog/core": "^1.50.6"
      },
      "engines": {
        "node": "^20.20.0 || >=22.22.0"
      },
      "peerDependencies": {
        "rxjs": "^7.0.0"
      },
      "peerDependenciesMeta": {
        "rxjs": {
          "optional": true
        }
      }
    },
    "node_modules/requires-port": {
      "version": "1.0.0",
      "resolved": "https://registry.npmjs.org/requires-port/-/requires-port-1.0.0.tgz",
      "integrity": "sha512-KigOCHcocU3XODJxsu8i/j8T9tzT4adHiecwORRQ0ZZFcp7ahwXuRU1m+yuO90C5ZUyGeGfocHDI14M3L3yDAQ==",
      "license": "MIT"
    }
  }
}
